{
  "version": 4,
  "terraform_version": "1.1.8",
  "serial": 175,
  "lineage": "29e0e2e3-207f-47c7-7de6-fe72deb6b268",
  "outputs": {
    "SPN_id": {
      "value": "623483d2-9979-42f1-a124-ce33f6aa1367",
      "type": "string"
    },
    "SPN_tenant_id": {
      "value": "cb051081-0828-4f81-b5ae-b6c75a0caa81",
      "type": "string"
    },
    "interview-interface": {
      "value": "interview-ni-wsps2015-gmail-com",
      "type": "string"
    },
    "interview-rg-name": {
      "value": "interview-rg-wsps2015-gmail-com",
      "type": "string"
    },
    "interview-subnet-name": {
      "value": "interview-subnet-wsps2015-gmail-com",
      "type": "string"
    },
    "interview-vnet": {
      "value": "interview-vnet-wsps2015-gmail-com",
      "type": "string"
    },
    "spn_password": {
      "value": "wOZ8Q~1xCVv5z6UlbOcFwyBO4D_hkf7iNx2vZbXL",
      "type": "string",
      "sensitive": true
    }
  },
  "resources": [
    {
      "mode": "data",
      "type": "azuread_client_config",
      "name": "current",
      "provider": "provider[\"registry.terraform.io/hashicorp/azuread\"]",
      "instances": [
        {
          "schema_version": 0,
          "attributes": {
            "client_id": "04b07795-8ddb-461a-bbee-02f9e1bf7b46",
            "id": "cb051081-0828-4f81-b5ae-b6c75a0caa81-04b07795-8ddb-461a-bbee-02f9e1bf7b46-d2f8a17e-149d-425b-bbf4-4898788866c7",
            "object_id": "d2f8a17e-149d-425b-bbf4-4898788866c7",
            "tenant_id": "cb051081-0828-4f81-b5ae-b6c75a0caa81",
            "timeouts": null
          },
          "sensitive_attributes": []
        }
      ]
    },
    {
      "mode": "data",
      "type": "azurerm_subscription",
      "name": "primary",
      "provider": "provider[\"registry.terraform.io/hashicorp/azurerm\"]",
      "instances": [
        {
          "schema_version": 0,
          "attributes": {
            "display_name": "CloudCover Playground",
            "id": "/subscriptions/3c77aee9-6f8b-4f87-8ff4-1e85ca74f8be",
            "location_placement_id": "Public_2014-09-01",
            "quota_id": "CSP_2015-05-01",
            "spending_limit": "Off",
            "state": "Enabled",
            "subscription_id": "3c77aee9-6f8b-4f87-8ff4-1e85ca74f8be",
            "tags": {
              "Environment": "PlayGround"
            },
            "tenant_id": "cb051081-0828-4f81-b5ae-b6c75a0caa81",
            "timeouts": null
          },
          "sensitive_attributes": []
        }
      ]
    },
    {
      "mode": "managed",
      "type": "azuread_application",
      "name": "interview-app",
      "provider": "provider[\"registry.terraform.io/hashicorp/azuread\"]",
      "instances": [
        {
          "schema_version": 1,
          "attributes": {
            "api": [
              {
                "known_client_applications": [],
                "mapped_claims_enabled": false,
                "oauth2_permission_scope": [],
                "requested_access_token_version": 1
              }
            ],
            "app_role": [],
            "app_role_ids": {},
            "application_id": "623483d2-9979-42f1-a124-ce33f6aa1367",
            "device_only_auth_enabled": false,
            "disabled_by_microsoft": "\u003cnil\u003e",
            "display_name": "interview-app",
            "fallback_public_client_enabled": false,
            "feature_tags": [
              {
                "custom_single_sign_on": false,
                "enterprise": false,
                "gallery": false,
                "hide": false
              }
            ],
            "group_membership_claims": [],
            "id": "112bb6ec-a2ef-49c0-9ccd-69745d5716fc",
            "identifier_uris": [],
            "logo_image": "",
            "logo_url": "",
            "marketing_url": "",
            "oauth2_permission_scope_ids": {},
            "oauth2_post_response_required": false,
            "object_id": "112bb6ec-a2ef-49c0-9ccd-69745d5716fc",
            "optional_claims": [
              {
                "access_token": [],
                "id_token": [],
                "saml2_token": []
              }
            ],
            "owners": [
              "d2f8a17e-149d-425b-bbf4-4898788866c7"
            ],
            "prevent_duplicate_names": false,
            "privacy_statement_url": "",
            "public_client": [
              {
                "redirect_uris": []
              }
            ],
            "publisher_domain": "cldcvrsecurity.onmicrosoft.com",
            "required_resource_access": [],
            "sign_in_audience": "AzureADMyOrg",
            "single_page_application": [
              {
                "redirect_uris": []
              }
            ],
            "support_url": "",
            "tags": [],
            "template_id": "",
            "terms_of_service_url": "",
            "timeouts": null,
            "web": [
              {
                "homepage_url": "",
                "implicit_grant": [
                  {
                    "access_token_issuance_enabled": false,
                    "id_token_issuance_enabled": false
                  }
                ],
                "logout_url": "",
                "redirect_uris": []
              }
            ]
          },
          "sensitive_attributes": [],
          "private": "eyJlMmJmYjczMC1lY2FhLTExZTYtOGY4OC0zNDM2M2JjN2M0YzAiOnsiY3JlYXRlIjo2MDAwMDAwMDAwMDAsImRlbGV0ZSI6MzAwMDAwMDAwMDAwLCJyZWFkIjozMDAwMDAwMDAwMDAsInVwZGF0ZSI6NjAwMDAwMDAwMDAwfSwic2NoZW1hX3ZlcnNpb24iOiIxIn0=",
          "dependencies": [
            "data.azuread_client_config.current"
          ]
        }
      ]
    },
    {
      "mode": "managed",
      "type": "azuread_service_principal",
      "name": "interview-spn",
      "provider": "provider[\"registry.terraform.io/hashicorp/azuread\"]",
      "instances": [
        {
          "schema_version": 0,
          "attributes": {
            "account_enabled": true,
            "alternative_names": [],
            "app_role_assignment_required": true,
            "app_role_ids": {},
            "app_roles": [],
            "application_id": "623483d2-9979-42f1-a124-ce33f6aa1367",
            "application_tenant_id": "cb051081-0828-4f81-b5ae-b6c75a0caa81",
            "description": "",
            "display_name": "interview-app",
            "feature_tags": [
              {
                "custom_single_sign_on": false,
                "enterprise": false,
                "gallery": false,
                "hide": false
              }
            ],
            "features": [
              {
                "custom_single_sign_on_app": false,
                "enterprise_application": false,
                "gallery_application": false,
                "visible_to_users": true
              }
            ],
            "homepage_url": "",
            "id": "c9a1d389-c4dd-4699-9af5-6fa6d3357a4c",
            "login_url": "",
            "logout_url": "",
            "notes": "",
            "notification_email_addresses": [],
            "oauth2_permission_scope_ids": {},
            "oauth2_permission_scopes": [],
            "object_id": "c9a1d389-c4dd-4699-9af5-6fa6d3357a4c",
            "owners": [
              "d2f8a17e-149d-425b-bbf4-4898788866c7"
            ],
            "preferred_single_sign_on_mode": "",
            "redirect_uris": [],
            "saml_metadata_url": "",
            "saml_single_sign_on": [
              {
                "relay_state": ""
              }
            ],
            "service_principal_names": [],
            "sign_in_audience": "AzureADMyOrg",
            "tags": [],
            "timeouts": null,
            "type": "Application",
            "use_existing": null
          },
          "sensitive_attributes": [],
          "private": "eyJlMmJmYjczMC1lY2FhLTExZTYtOGY4OC0zNDM2M2JjN2M0YzAiOnsiY3JlYXRlIjo2MDAwMDAwMDAwMDAsImRlbGV0ZSI6MzAwMDAwMDAwMDAwLCJyZWFkIjozMDAwMDAwMDAwMDAsInVwZGF0ZSI6NjAwMDAwMDAwMDAwfX0=",
          "dependencies": [
            "azuread_application.interview-app",
            "data.azuread_client_config.current"
          ]
        }
      ]
    },
    {
      "mode": "managed",
      "type": "azuread_service_principal_password",
      "name": "SPN_password",
      "provider": "provider[\"registry.terraform.io/hashicorp/azuread\"]",
      "instances": [
        {
          "schema_version": 1,
          "attributes": {
            "display_name": null,
            "end_date": "2024-05-12T06:06:36Z",
            "end_date_relative": null,
            "id": "c9a1d389-c4dd-4699-9af5-6fa6d3357a4c/password/cb589c10-7c7c-42d7-9c1a-8391e508d96e",
            "key_id": "cb589c10-7c7c-42d7-9c1a-8391e508d96e",
            "rotate_when_changed": null,
            "service_principal_id": "c9a1d389-c4dd-4699-9af5-6fa6d3357a4c",
            "start_date": "2022-05-12T06:06:36Z",
            "timeouts": null,
            "value": "wOZ8Q~1xCVv5z6UlbOcFwyBO4D_hkf7iNx2vZbXL"
          },
          "sensitive_attributes": [],
          "private": "eyJlMmJmYjczMC1lY2FhLTExZTYtOGY4OC0zNDM2M2JjN2M0YzAiOnsiY3JlYXRlIjozMDAwMDAwMDAwMDAsImRlbGV0ZSI6MzAwMDAwMDAwMDAwLCJyZWFkIjozMDAwMDAwMDAwMDAsInVwZGF0ZSI6MzAwMDAwMDAwMDAwfSwic2NoZW1hX3ZlcnNpb24iOiIxIn0=",
          "dependencies": [
            "azuread_application.interview-app",
            "azuread_service_principal.interview-spn",
            "data.azuread_client_config.current"
          ]
        }
      ]
    },
    {
      "mode": "managed",
      "type": "azurerm_network_interface",
      "name": "interview-ni",
      "provider": "provider[\"registry.terraform.io/hashicorp/azurerm\"]",
      "instances": [
        {
          "schema_version": 0,
          "attributes": {
            "applied_dns_servers": [],
            "dns_servers": [],
            "edge_zone": "",
            "enable_accelerated_networking": false,
            "enable_ip_forwarding": false,
            "id": "/subscriptions/3c77aee9-6f8b-4f87-8ff4-1e85ca74f8be/resourceGroups/interview-rg-wsps2015-gmail-com/providers/Microsoft.Network/networkInterfaces/interview-ni-wsps2015-gmail-com",
            "internal_dns_name_label": "",
            "internal_domain_name_suffix": "d5saas1usvuelcopdoxstdl0yg.ix.internal.cloudapp.net",
            "ip_configuration": [
              {
                "gateway_load_balancer_frontend_ip_configuration_id": "",
                "name": "internal",
                "primary": true,
                "private_ip_address": "10.0.2.4",
                "private_ip_address_allocation": "Dynamic",
                "private_ip_address_version": "IPv4",
                "public_ip_address_id": "",
                "subnet_id": "/subscriptions/3c77aee9-6f8b-4f87-8ff4-1e85ca74f8be/resourceGroups/interview-rg-wsps2015-gmail-com/providers/Microsoft.Network/virtualNetworks/interview-vnet-wsps2015-gmail-com/subnets/interview-subnet-wsps2015-gmail-com"
              }
            ],
            "location": "southeastasia",
            "mac_address": "",
            "name": "interview-ni-wsps2015-gmail-com",
            "private_ip_address": "10.0.2.4",
            "private_ip_addresses": [
              "10.0.2.4"
            ],
            "resource_group_name": "interview-rg-wsps2015-gmail-com",
            "tags": null,
            "timeouts": null,
            "virtual_machine_id": ""
          },
          "sensitive_attributes": [],
          "private": "eyJlMmJmYjczMC1lY2FhLTExZTYtOGY4OC0zNDM2M2JjN2M0YzAiOnsiY3JlYXRlIjoxODAwMDAwMDAwMDAwLCJkZWxldGUiOjE4MDAwMDAwMDAwMDAsInJlYWQiOjMwMDAwMDAwMDAwMCwidXBkYXRlIjoxODAwMDAwMDAwMDAwfX0=",
          "dependencies": [
            "azurerm_resource_group.interview-rg",
            "azurerm_subnet.interview-subnet",
            "azurerm_virtual_network.interview-vnet"
          ]
        }
      ]
    },
    {
      "mode": "managed",
      "type": "azurerm_resource_group",
      "name": "interview-rg",
      "provider": "provider[\"registry.terraform.io/hashicorp/azurerm\"]",
      "instances": [
        {
          "schema_version": 0,
          "attributes": {
            "id": "/subscriptions/3c77aee9-6f8b-4f87-8ff4-1e85ca74f8be/resourceGroups/interview-rg-wsps2015-gmail-com",
            "location": "southeastasia",
            "name": "interview-rg-wsps2015-gmail-com",
            "tags": null,
            "timeouts": null
          },
          "sensitive_attributes": [],
          "private": "eyJlMmJmYjczMC1lY2FhLTExZTYtOGY4OC0zNDM2M2JjN2M0YzAiOnsiY3JlYXRlIjo1NDAwMDAwMDAwMDAwLCJkZWxldGUiOjU0MDAwMDAwMDAwMDAsInJlYWQiOjMwMDAwMDAwMDAwMCwidXBkYXRlIjo1NDAwMDAwMDAwMDAwfX0="
        }
      ]
    },
    {
      "mode": "managed",
      "type": "azurerm_role_assignment",
      "name": "interview-spn-role",
      "provider": "provider[\"registry.terraform.io/hashicorp/azurerm\"]",
      "instances": [
        {
          "schema_version": 0,
          "attributes": {
            "condition": "",
            "condition_version": "",
            "delegated_managed_identity_resource_id": "",
            "description": "",
            "id": "/subscriptions/3c77aee9-6f8b-4f87-8ff4-1e85ca74f8be/resourceGroups/interview-rg-wsps2015-gmail-com/providers/Microsoft.Authorization/roleAssignments/287a4271-73ad-241d-9bd0-ea79f32d193d",
            "name": "287a4271-73ad-241d-9bd0-ea79f32d193d",
            "principal_id": "c9a1d389-c4dd-4699-9af5-6fa6d3357a4c",
            "principal_type": "ServicePrincipal",
            "role_definition_id": "/subscriptions/3c77aee9-6f8b-4f87-8ff4-1e85ca74f8be/providers/Microsoft.Authorization/roleDefinitions/b24988ac-6180-42a0-ab88-20f7382dd24c",
            "role_definition_name": "Contributor",
            "scope": "/subscriptions/3c77aee9-6f8b-4f87-8ff4-1e85ca74f8be/resourceGroups/interview-rg-wsps2015-gmail-com",
            "skip_service_principal_aad_check": true,
            "timeouts": null
          },
          "sensitive_attributes": [],
          "private": "eyJlMmJmYjczMC1lY2FhLTExZTYtOGY4OC0zNDM2M2JjN2M0YzAiOnsiY3JlYXRlIjoxODAwMDAwMDAwMDAwLCJkZWxldGUiOjE4MDAwMDAwMDAwMDAsInJlYWQiOjMwMDAwMDAwMDAwMCwidXBkYXRlIjoxODAwMDAwMDAwMDAwfX0=",
          "dependencies": [
            "azuread_service_principal.interview-spn",
            "azurerm_resource_group.interview-rg"
          ]
        }
      ]
    },
    {
      "mode": "managed",
      "type": "azurerm_subnet",
      "name": "interview-subnet",
      "provider": "provider[\"registry.terraform.io/hashicorp/azurerm\"]",
      "instances": [
        {
          "schema_version": 0,
          "attributes": {
            "address_prefixes": [
              "10.0.2.0/24"
            ],
            "delegation": [],
            "enforce_private_link_endpoint_network_policies": false,
            "enforce_private_link_service_network_policies": false,
            "id": "/subscriptions/3c77aee9-6f8b-4f87-8ff4-1e85ca74f8be/resourceGroups/interview-rg-wsps2015-gmail-com/providers/Microsoft.Network/virtualNetworks/interview-vnet-wsps2015-gmail-com/subnets/interview-subnet-wsps2015-gmail-com",
            "name": "interview-subnet-wsps2015-gmail-com",
            "resource_group_name": "interview-rg-wsps2015-gmail-com",
            "service_endpoint_policy_ids": null,
            "service_endpoints": null,
            "timeouts": null,
            "virtual_network_name": "interview-vnet-wsps2015-gmail-com"
          },
          "sensitive_attributes": [],
          "private": "eyJlMmJmYjczMC1lY2FhLTExZTYtOGY4OC0zNDM2M2JjN2M0YzAiOnsiY3JlYXRlIjoxODAwMDAwMDAwMDAwLCJkZWxldGUiOjE4MDAwMDAwMDAwMDAsInJlYWQiOjMwMDAwMDAwMDAwMCwidXBkYXRlIjoxODAwMDAwMDAwMDAwfX0=",
          "dependencies": [
            "azurerm_resource_group.interview-rg",
            "azurerm_virtual_network.interview-vnet"
          ]
        }
      ]
    },
    {
      "mode": "managed",
      "type": "azurerm_virtual_network",
      "name": "interview-vnet",
      "provider": "provider[\"registry.terraform.io/hashicorp/azurerm\"]",
      "instances": [
        {
          "schema_version": 0,
          "attributes": {
            "address_space": [
              "10.0.0.0/16"
            ],
            "bgp_community": "",
            "ddos_protection_plan": [],
            "dns_servers": [],
            "edge_zone": "",
            "flow_timeout_in_minutes": 0,
            "guid": "4b00e41f-9574-4568-89cf-1baf298d7ac6",
            "id": "/subscriptions/3c77aee9-6f8b-4f87-8ff4-1e85ca74f8be/resourceGroups/interview-rg-wsps2015-gmail-com/providers/Microsoft.Network/virtualNetworks/interview-vnet-wsps2015-gmail-com",
            "location": "southeastasia",
            "name": "interview-vnet-wsps2015-gmail-com",
            "resource_group_name": "interview-rg-wsps2015-gmail-com",
            "subnet": [],
            "tags": null,
            "timeouts": null
          },
          "sensitive_attributes": [],
          "private": "eyJlMmJmYjczMC1lY2FhLTExZTYtOGY4OC0zNDM2M2JjN2M0YzAiOnsiY3JlYXRlIjoxODAwMDAwMDAwMDAwLCJkZWxldGUiOjE4MDAwMDAwMDAwMDAsInJlYWQiOjMwMDAwMDAwMDAwMCwidXBkYXRlIjoxODAwMDAwMDAwMDAwfX0=",
          "dependencies": [
            "azurerm_resource_group.interview-rg"
          ]
        }
      ]
    }
  ]
}
